
Microsoft Visual Studio Solution File, Format Version 12.00
# Visual Studio Version 17
VisualStudioVersion = 17.0.31903.59
MinimumVisualStudioVersion = 10.0.40219.1
Project("{2150E333-8FDC-42A3-9474-1A3956D46DE8}") = "src", "src", "{1ED3EADF-CCE8-4B83-B137-B6185009DB25}"
EndProject
Project("{2150E333-8FDC-42A3-9474-1A3956D46DE8}") = "Client", "Client", "{A8943DDE-A5CD-426D-8309-D1BA41107C46}"
EndProject
Project("{2150E333-8FDC-42A3-9474-1A3956D46DE8}") = "Shared", "Shared", "{78D03C29-F103-495F-8167-6E8B20CB408B}"
EndProject
Project("{2150E333-8FDC-42A3-9474-1A3956D46DE8}") = "Services", "Services", "{796B7261-DEEB-4790-A77F-BEB24335123B}"
EndProject
Project("{FAE04EC0-301F-11D3-BF4B-00C04F79EFBC}") = "Catalog.Api", "src\Services\Catalog.Api\Catalog.Api.csproj", "{D2D523CF-958E-4009-A2A7-F8631680A597}"
EndProject
Project("{FAE04EC0-301F-11D3-BF4B-00C04F79EFBC}") = "GoldBazar.AppHost", "src\GoldBazar.AppHost\GoldBazar.AppHost.csproj", "{CFA30349-6AF5-4A39-9068-EAA8059658AE}"
EndProject
Project("{FAE04EC0-301F-11D3-BF4B-00C04F79EFBC}") = "GoldBazar.ServiceDefaults", "src\GoldBazar.ServiceDefaults\GoldBazar.ServiceDefaults.csproj", "{69F510B6-9EE2-4969-9A48-80EDBD64D57F}"
EndProject
Project("{FAE04EC0-301F-11D3-BF4B-00C04F79EFBC}") = "Identity.Api", "src\Services\Identity.Api\Identity.Api.csproj", "{3A64E86E-3605-431B-B088-2C5CDDA1B23A}"
EndProject
Project("{FAE04EC0-301F-11D3-BF4B-00C04F79EFBC}") = "Basket.Api", "src\Services\Basket.Api\Basket.Api.csproj", "{0E2DA77E-4DE5-49AD-8667-9D5AF98E41F3}"
EndProject
Project("{FAE04EC0-301F-11D3-BF4B-00C04F79EFBC}") = "Ordering.Api", "src\Services\Ordering.Api\Ordering.Api.csproj", "{A71DB93C-C3E1-4DD8-9BB5-7AC775C6191A}"
EndProject
Project("{FAE04EC0-301F-11D3-BF4B-00C04F79EFBC}") = "HybridApp", "src\Client\HybridApp\HybridApp.csproj", "{32A18252-9C2E-4F13-80D4-2903A11F9C67}"
EndProject
Project("{2150E333-8FDC-42A3-9474-1A3956D46DE8}") = "Infrastructure", "Infrastructure", "{907B5B03-23B7-4E34-B3D5-54705AA946D3}"
EndProject
Project("{FAE04EC0-301F-11D3-BF4B-00C04F79EFBC}") = "EventBus", "src\Infrastructure\EventBus\EventBus.csproj", "{78D3B260-2009-4998-82F1-4E108B179459}"
EndProject
Project("{FAE04EC0-301F-11D3-BF4B-00C04F79EFBC}") = "EventBusRabbitMQ", "src\Infrastructure\EventBusRabbitMQ\EventBusRabbitMQ.csproj", "{0B35F731-6215-48A3-9517-DB7864C893D1}"
EndProject
Project("{2150E333-8FDC-42A3-9474-1A3956D46DE8}") = "test", "test", "{8E972384-B524-485D-8038-25ED62E6E7D9}"
EndProject
Project("{FAE04EC0-301F-11D3-BF4B-00C04F79EFBC}") = "GoldBazar.Shared", "src\Shared\GoldBazar.Shared\GoldBazar.Shared.csproj", "{58D10557-B5C7-4439-9EC9-A31A0D2340A8}"
EndProject
Project("{2150E333-8FDC-42A3-9474-1A3956D46DE8}") = "Catalog", "Catalog", "{1861559E-3354-484E-8A8D-85E405EA1E5A}"
EndProject
Project("{FAE04EC0-301F-11D3-BF4B-00C04F79EFBC}") = "IntegrationEventLogEF", "src\Infrastructure\IntegrationEventLogEF\IntegrationEventLogEF.csproj", "{5A830623-98AC-49AC-B922-172C661023CE}"
EndProject
Project("{2150E333-8FDC-42A3-9474-1A3956D46DE8}") = "BFF", "BFF", "{D0045A11-F5E8-4D5B-8AF0-5033F37BCA74}"
EndProject
Project("{FAE04EC0-301F-11D3-BF4B-00C04F79EFBC}") = "Mobile.Bff", "src\Services\BFF\Mobile.Bff\Mobile.Bff.csproj", "{07082442-A540-4D82-9718-3AC9ADFC895D}"
EndProject
Project("{FAE04EC0-301F-11D3-BF4B-00C04F79EFBC}") = "WebApp", "src\Client\WebApp\WebApp.csproj", "{FA145EA7-C7D7-4C03-82CB-0B414DA74283}"
EndProject
Project("{FAE04EC0-301F-11D3-BF4B-00C04F79EFBC}") = "WebComponent", "src\Client\WebComponent\WebComponent.csproj", "{E402A0CF-CB08-4CB9-819D-7EBED6AABE2A}"
EndProject
Project("{2150E333-8FDC-42A3-9474-1A3956D46DE8}") = "Webhook", "Webhook", "{5D6D79AB-B0E0-408C-B5DA-96F7230E6BED}"
EndProject
Project("{FAE04EC0-301F-11D3-BF4B-00C04F79EFBC}") = "Catalog.Infrastructure", "src\Services\Catalog.Infrastructure\Catalog.Infrastructure.csproj", "{453FFB04-2D5D-41A3-9725-893370C769D9}"
EndProject
Project("{2150E333-8FDC-42A3-9474-1A3956D46DE8}") = "Solution Items", "Solution Items", "{A1534BD9-AE95-447E-8786-BBB9E77F484A}"
	ProjectSection(SolutionItems) = preProject
		Directory.Packages.props = Directory.Packages.props
	EndProjectSection
EndProject
Project("{FAE04EC0-301F-11D3-BF4B-00C04F79EFBC}") = "VendorWebApp", "src\Client\VendorWebApp\VendorWebApp.csproj", "{8E53AFAF-2834-4994-A5C7-30348131A0F1}"
EndProject
Global
	GlobalSection(SolutionConfigurationPlatforms) = preSolution
		Debug|Any CPU = Debug|Any CPU
		Release|Any CPU = Release|Any CPU
	EndGlobalSection
	GlobalSection(ProjectConfigurationPlatforms) = postSolution
		{D2D523CF-958E-4009-A2A7-F8631680A597}.Debug|Any CPU.ActiveCfg = Debug|Any CPU
		{D2D523CF-958E-4009-A2A7-F8631680A597}.Debug|Any CPU.Build.0 = Debug|Any CPU
		{D2D523CF-958E-4009-A2A7-F8631680A597}.Release|Any CPU.ActiveCfg = Release|Any CPU
		{D2D523CF-958E-4009-A2A7-F8631680A597}.Release|Any CPU.Build.0 = Release|Any CPU
		{CFA30349-6AF5-4A39-9068-EAA8059658AE}.Debug|Any CPU.ActiveCfg = Debug|Any CPU
		{CFA30349-6AF5-4A39-9068-EAA8059658AE}.Debug|Any CPU.Build.0 = Debug|Any CPU
		{CFA30349-6AF5-4A39-9068-EAA8059658AE}.Release|Any CPU.ActiveCfg = Release|Any CPU
		{CFA30349-6AF5-4A39-9068-EAA8059658AE}.Release|Any CPU.Build.0 = Release|Any CPU
		{69F510B6-9EE2-4969-9A48-80EDBD64D57F}.Debug|Any CPU.ActiveCfg = Debug|Any CPU
		{69F510B6-9EE2-4969-9A48-80EDBD64D57F}.Debug|Any CPU.Build.0 = Debug|Any CPU
		{69F510B6-9EE2-4969-9A48-80EDBD64D57F}.Release|Any CPU.ActiveCfg = Release|Any CPU
		{69F510B6-9EE2-4969-9A48-80EDBD64D57F}.Release|Any CPU.Build.0 = Release|Any CPU
		{3A64E86E-3605-431B-B088-2C5CDDA1B23A}.Debug|Any CPU.ActiveCfg = Debug|Any CPU
		{3A64E86E-3605-431B-B088-2C5CDDA1B23A}.Debug|Any CPU.Build.0 = Debug|Any CPU
		{3A64E86E-3605-431B-B088-2C5CDDA1B23A}.Release|Any CPU.ActiveCfg = Release|Any CPU
		{3A64E86E-3605-431B-B088-2C5CDDA1B23A}.Release|Any CPU.Build.0 = Release|Any CPU
		{0E2DA77E-4DE5-49AD-8667-9D5AF98E41F3}.Debug|Any CPU.ActiveCfg = Debug|Any CPU
		{0E2DA77E-4DE5-49AD-8667-9D5AF98E41F3}.Debug|Any CPU.Build.0 = Debug|Any CPU
		{0E2DA77E-4DE5-49AD-8667-9D5AF98E41F3}.Release|Any CPU.ActiveCfg = Release|Any CPU
		{0E2DA77E-4DE5-49AD-8667-9D5AF98E41F3}.Release|Any CPU.Build.0 = Release|Any CPU
		{A71DB93C-C3E1-4DD8-9BB5-7AC775C6191A}.Debug|Any CPU.ActiveCfg = Debug|Any CPU
		{A71DB93C-C3E1-4DD8-9BB5-7AC775C6191A}.Debug|Any CPU.Build.0 = Debug|Any CPU
		{A71DB93C-C3E1-4DD8-9BB5-7AC775C6191A}.Release|Any CPU.ActiveCfg = Release|Any CPU
		{A71DB93C-C3E1-4DD8-9BB5-7AC775C6191A}.Release|Any CPU.Build.0 = Release|Any CPU
		{32A18252-9C2E-4F13-80D4-2903A11F9C67}.Debug|Any CPU.ActiveCfg = Debug|Any CPU
		{32A18252-9C2E-4F13-80D4-2903A11F9C67}.Debug|Any CPU.Build.0 = Debug|Any CPU
		{32A18252-9C2E-4F13-80D4-2903A11F9C67}.Release|Any CPU.ActiveCfg = Release|Any CPU
		{32A18252-9C2E-4F13-80D4-2903A11F9C67}.Release|Any CPU.Build.0 = Release|Any CPU
		{78D3B260-2009-4998-82F1-4E108B179459}.Debug|Any CPU.ActiveCfg = Debug|Any CPU
		{78D3B260-2009-4998-82F1-4E108B179459}.Debug|Any CPU.Build.0 = Debug|Any CPU
		{78D3B260-2009-4998-82F1-4E108B179459}.Release|Any CPU.ActiveCfg = Release|Any CPU
		{78D3B260-2009-4998-82F1-4E108B179459}.Release|Any CPU.Build.0 = Release|Any CPU
		{0B35F731-6215-48A3-9517-DB7864C893D1}.Debug|Any CPU.ActiveCfg = Debug|Any CPU
		{0B35F731-6215-48A3-9517-DB7864C893D1}.Debug|Any CPU.Build.0 = Debug|Any CPU
		{0B35F731-6215-48A3-9517-DB7864C893D1}.Release|Any CPU.ActiveCfg = Release|Any CPU
		{0B35F731-6215-48A3-9517-DB7864C893D1}.Release|Any CPU.Build.0 = Release|Any CPU
		{58D10557-B5C7-4439-9EC9-A31A0D2340A8}.Debug|Any CPU.ActiveCfg = Debug|Any CPU
		{58D10557-B5C7-4439-9EC9-A31A0D2340A8}.Debug|Any CPU.Build.0 = Debug|Any CPU
		{58D10557-B5C7-4439-9EC9-A31A0D2340A8}.Release|Any CPU.ActiveCfg = Release|Any CPU
		{58D10557-B5C7-4439-9EC9-A31A0D2340A8}.Release|Any CPU.Build.0 = Release|Any CPU
		{5A830623-98AC-49AC-B922-172C661023CE}.Debug|Any CPU.ActiveCfg = Debug|Any CPU
		{5A830623-98AC-49AC-B922-172C661023CE}.Debug|Any CPU.Build.0 = Debug|Any CPU
		{5A830623-98AC-49AC-B922-172C661023CE}.Release|Any CPU.ActiveCfg = Release|Any CPU
		{5A830623-98AC-49AC-B922-172C661023CE}.Release|Any CPU.Build.0 = Release|Any CPU
		{07082442-A540-4D82-9718-3AC9ADFC895D}.Debug|Any CPU.ActiveCfg = Debug|Any CPU
		{07082442-A540-4D82-9718-3AC9ADFC895D}.Debug|Any CPU.Build.0 = Debug|Any CPU
		{07082442-A540-4D82-9718-3AC9ADFC895D}.Release|Any CPU.ActiveCfg = Release|Any CPU
		{07082442-A540-4D82-9718-3AC9ADFC895D}.Release|Any CPU.Build.0 = Release|Any CPU
		{FA145EA7-C7D7-4C03-82CB-0B414DA74283}.Debug|Any CPU.ActiveCfg = Debug|Any CPU
		{FA145EA7-C7D7-4C03-82CB-0B414DA74283}.Debug|Any CPU.Build.0 = Debug|Any CPU
		{FA145EA7-C7D7-4C03-82CB-0B414DA74283}.Release|Any CPU.ActiveCfg = Release|Any CPU
		{FA145EA7-C7D7-4C03-82CB-0B414DA74283}.Release|Any CPU.Build.0 = Release|Any CPU
		{E402A0CF-CB08-4CB9-819D-7EBED6AABE2A}.Debug|Any CPU.ActiveCfg = Debug|Any CPU
		{E402A0CF-CB08-4CB9-819D-7EBED6AABE2A}.Debug|Any CPU.Build.0 = Debug|Any CPU
		{E402A0CF-CB08-4CB9-819D-7EBED6AABE2A}.Release|Any CPU.ActiveCfg = Release|Any CPU
		{E402A0CF-CB08-4CB9-819D-7EBED6AABE2A}.Release|Any CPU.Build.0 = Release|Any CPU
		{453FFB04-2D5D-41A3-9725-893370C769D9}.Debug|Any CPU.ActiveCfg = Debug|Any CPU
		{453FFB04-2D5D-41A3-9725-893370C769D9}.Debug|Any CPU.Build.0 = Debug|Any CPU
		{453FFB04-2D5D-41A3-9725-893370C769D9}.Release|Any CPU.ActiveCfg = Release|Any CPU
		{453FFB04-2D5D-41A3-9725-893370C769D9}.Release|Any CPU.Build.0 = Release|Any CPU
		{8E53AFAF-2834-4994-A5C7-30348131A0F1}.Debug|Any CPU.ActiveCfg = Debug|Any CPU
		{8E53AFAF-2834-4994-A5C7-30348131A0F1}.Debug|Any CPU.Build.0 = Debug|Any CPU
		{8E53AFAF-2834-4994-A5C7-30348131A0F1}.Release|Any CPU.ActiveCfg = Release|Any CPU
		{8E53AFAF-2834-4994-A5C7-30348131A0F1}.Release|Any CPU.Build.0 = Release|Any CPU
	EndGlobalSection
	GlobalSection(SolutionProperties) = preSolution
		HideSolutionNode = FALSE
	EndGlobalSection
	GlobalSection(NestedProjects) = preSolution
		{A8943DDE-A5CD-426D-8309-D1BA41107C46} = {1ED3EADF-CCE8-4B83-B137-B6185009DB25}
		{78D03C29-F103-495F-8167-6E8B20CB408B} = {1ED3EADF-CCE8-4B83-B137-B6185009DB25}
		{796B7261-DEEB-4790-A77F-BEB24335123B} = {1ED3EADF-CCE8-4B83-B137-B6185009DB25}
		{D2D523CF-958E-4009-A2A7-F8631680A597} = {1861559E-3354-484E-8A8D-85E405EA1E5A}
		{CFA30349-6AF5-4A39-9068-EAA8059658AE} = {1ED3EADF-CCE8-4B83-B137-B6185009DB25}
		{69F510B6-9EE2-4969-9A48-80EDBD64D57F} = {1ED3EADF-CCE8-4B83-B137-B6185009DB25}
		{3A64E86E-3605-431B-B088-2C5CDDA1B23A} = {796B7261-DEEB-4790-A77F-BEB24335123B}
		{0E2DA77E-4DE5-49AD-8667-9D5AF98E41F3} = {796B7261-DEEB-4790-A77F-BEB24335123B}
		{A71DB93C-C3E1-4DD8-9BB5-7AC775C6191A} = {796B7261-DEEB-4790-A77F-BEB24335123B}
		{32A18252-9C2E-4F13-80D4-2903A11F9C67} = {A8943DDE-A5CD-426D-8309-D1BA41107C46}
		{907B5B03-23B7-4E34-B3D5-54705AA946D3} = {1ED3EADF-CCE8-4B83-B137-B6185009DB25}
		{78D3B260-2009-4998-82F1-4E108B179459} = {907B5B03-23B7-4E34-B3D5-54705AA946D3}
		{0B35F731-6215-48A3-9517-DB7864C893D1} = {907B5B03-23B7-4E34-B3D5-54705AA946D3}
		{58D10557-B5C7-4439-9EC9-A31A0D2340A8} = {78D03C29-F103-495F-8167-6E8B20CB408B}
		{1861559E-3354-484E-8A8D-85E405EA1E5A} = {796B7261-DEEB-4790-A77F-BEB24335123B}
		{5A830623-98AC-49AC-B922-172C661023CE} = {907B5B03-23B7-4E34-B3D5-54705AA946D3}
		{D0045A11-F5E8-4D5B-8AF0-5033F37BCA74} = {796B7261-DEEB-4790-A77F-BEB24335123B}
		{07082442-A540-4D82-9718-3AC9ADFC895D} = {D0045A11-F5E8-4D5B-8AF0-5033F37BCA74}
		{FA145EA7-C7D7-4C03-82CB-0B414DA74283} = {A8943DDE-A5CD-426D-8309-D1BA41107C46}
		{E402A0CF-CB08-4CB9-819D-7EBED6AABE2A} = {A8943DDE-A5CD-426D-8309-D1BA41107C46}
		{5D6D79AB-B0E0-408C-B5DA-96F7230E6BED} = {1ED3EADF-CCE8-4B83-B137-B6185009DB25}
		{453FFB04-2D5D-41A3-9725-893370C769D9} = {1861559E-3354-484E-8A8D-85E405EA1E5A}
		{8E53AFAF-2834-4994-A5C7-30348131A0F1} = {A8943DDE-A5CD-426D-8309-D1BA41107C46}
	EndGlobalSection
EndGlobal
