
Microsoft Visual Studio Solution File, Format Version 12.00
# Visual Studio Version 17
VisualStudioVersion = 17.0.31903.59
MinimumVisualStudioVersion = 10.0.40219.1
Project("{2150E333-8FDC-42A3-9474-1A3956D46DE8}") = "src", "src", "{1ED3EADF-CCE8-4B83-B137-B6185009DB25}"
EndProject
Project("{2150E333-8FDC-42A3-9474-1A3956D46DE8}") = "Client", "Client", "{A8943DDE-A5CD-426D-8309-D1BA41107C46}"
EndProject
Project("{2150E333-8FDC-42A3-9474-1A3956D46DE8}") = "Shared", "Shared", "{78D03C29-F103-495F-8167-6E8B20CB408B}"
EndProject
Project("{2150E333-8FDC-42A3-9474-1A3956D46DE8}") = "Services", "Services", "{796B7261-DEEB-4790-A77F-BEB24335123B}"
EndProject
Project("{FAE04EC0-301F-11D3-BF4B-00C04F79EFBC}") = "Catalog.Api", "src\Services\Catalog.Api\Catalog.Api.csproj", "{D2D523CF-958E-4009-A2A7-F8631680A597}"
EndProject
Project("{FAE04EC0-301F-11D3-BF4B-00C04F79EFBC}") = "GoldBazar.AppHost", "src\GoldBazar.AppHost\GoldBazar.AppHost.csproj", "{CFA30349-6AF5-4A39-9068-EAA8059658AE}"
EndProject
Project("{FAE04EC0-301F-11D3-BF4B-00C04F79EFBC}") = "GoldBazar.ServiceDefaults", "src\GoldBazar.ServiceDefaults\GoldBazar.ServiceDefaults.csproj", "{69F510B6-9EE2-4969-9A48-80EDBD64D57F}"
EndProject
Project("{FAE04EC0-301F-11D3-BF4B-00C04F79EFBC}") = "Identity.Api", "src\Services\Identity.Api\Identity.Api.csproj", "{3A64E86E-3605-431B-B088-2C5CDDA1B23A}"
EndProject
Project("{2150E333-8FDC-42A3-9474-1A3956D46DE8}") = "Infrastructure", "Infrastructure", "{907B5B03-23B7-4E34-B3D5-54705AA946D3}"
EndProject
Project("{FAE04EC0-301F-11D3-BF4B-00C04F79EFBC}") = "EventBus", "src\Infrastructure\EventBus\EventBus.csproj", "{78D3B260-2009-4998-82F1-4E108B179459}"
EndProject
Project("{FAE04EC0-301F-11D3-BF4B-00C04F79EFBC}") = "EventBusRabbitMQ", "src\Infrastructure\EventBusRabbitMQ\EventBusRabbitMQ.csproj", "{0B35F731-6215-48A3-9517-DB7864C893D1}"
EndProject
Project("{2150E333-8FDC-42A3-9474-1A3956D46DE8}") = "test", "test", "{8E972384-B524-485D-8038-25ED62E6E7D9}"
EndProject
Project("{FAE04EC0-301F-11D3-BF4B-00C04F79EFBC}") = "GoldBazar.Shared", "src\Shared\GoldBazar.Shared\GoldBazar.Shared.csproj", "{58D10557-B5C7-4439-9EC9-A31A0D2340A8}"
EndProject
Project("{2150E333-8FDC-42A3-9474-1A3956D46DE8}") = "Catalog", "Catalog", "{1861559E-3354-484E-8A8D-85E405EA1E5A}"
EndProject
Project("{FAE04EC0-301F-11D3-BF4B-00C04F79EFBC}") = "IntegrationEventLogEF", "src\Infrastructure\IntegrationEventLogEF\IntegrationEventLogEF.csproj", "{5A830623-98AC-49AC-B922-172C661023CE}"
EndProject
Project("{2150E333-8FDC-42A3-9474-1A3956D46DE8}") = "BFF", "BFF", "{D0045A11-F5E8-4D5B-8AF0-5033F37BCA74}"
EndProject
Project("{FAE04EC0-301F-11D3-BF4B-00C04F79EFBC}") = "Mobile.Bff", "src\Services\BFF\Mobile.Bff\Mobile.Bff.csproj", "{07082442-A540-4D82-9718-3AC9ADFC895D}"
EndProject
Project("{2150E333-8FDC-42A3-9474-1A3956D46DE8}") = "Webhook", "Webhook", "{5D6D79AB-B0E0-408C-B5DA-96F7230E6BED}"
EndProject
Project("{FAE04EC0-301F-11D3-BF4B-00C04F79EFBC}") = "Catalog.Infrastructure", "src\Services\Catalog.Infrastructure\Catalog.Infrastructure.csproj", "{453FFB04-2D5D-41A3-9725-893370C769D9}"
EndProject
Project("{2150E333-8FDC-42A3-9474-1A3956D46DE8}") = "Solution Items", "Solution Items", "{A1534BD9-AE95-447E-8786-BBB9E77F484A}"
	ProjectSection(SolutionItems) = preProject
		Directory.Packages.props = Directory.Packages.props
	EndProjectSection
EndProject
Project("{2150E333-8FDC-42A3-9474-1A3956D46DE8}") = "Ordering", "Ordering", "{6A9FC3E1-14FA-0130-C36D-BACFD1D394D4}"
EndProject
Project("{2150E333-8FDC-42A3-9474-1A3956D46DE8}") = "Basket", "Basket", "{291CAACC-6D59-0CF0-6E31-319269975F16}"
EndProject
Project("{FAE04EC0-301F-11D3-BF4B-00C04F79EFBC}") = "Basket.Api", "src\Services\Basket.Api\Basket.Api.csproj", "{9AE028E4-F9B8-4CEB-8773-54F8C4B2CE18}"
EndProject
Project("{FAE04EC0-301F-11D3-BF4B-00C04F79EFBC}") = "Ordering.Api", "src\Services\Ordering.Api\Ordering.Api.csproj", "{B99C3AA8-E146-4266-941A-C2E9DDD9DDCE}"
EndProject
Project("{FAE04EC0-301F-11D3-BF4B-00C04F79EFBC}") = "Ordering.Domain", "src\Services\Ordering.Domain\Ordering.Domain.csproj", "{71769070-AFE7-4648-9CDA-5E49651E27DA}"
EndProject
Project("{FAE04EC0-301F-11D3-BF4B-00C04F79EFBC}") = "Ordering.Infrastructure", "src\Services\Ordering.Infrastructure\Ordering.Infrastructure.csproj", "{8A0F3666-9F78-467C-A61E-10F0D2FD17D4}"
EndProject
Project("{FAE04EC0-301F-11D3-BF4B-00C04F79EFBC}") = "Order.Processor", "src\Services\Order.Processor\Order.Processor.csproj", "{931A58A8-2D11-415A-A738-16A3FC05E15E}"
EndProject
Project("{2150E333-8FDC-42A3-9474-1A3956D46DE8}") = "GoldBazar.Vendor", "GoldBazar.Vendor", "{DA74A9C1-B4F9-D02C-6688-998E5CCFA16A}"
EndProject
Project("{FAE04EC0-301F-11D3-BF4B-00C04F79EFBC}") = "GoldBazar.Vendor.Web", "src\Client\GoldBazar.Vendor.Web\GoldBazar.Vendor.Web.csproj", "{EF7203D2-2083-4220-BFE8-8730A61AADC9}"
EndProject
Project("{2150E333-8FDC-42A3-9474-1A3956D46DE8}") = "GoldBazar.Admin", "GoldBazar.Admin", "{9BF5AA24-BAA4-6809-8218-D5AAC5D8768A}"
EndProject
Project("{2150E333-8FDC-42A3-9474-1A3956D46DE8}") = "GoldBazar.Client", "GoldBazar.Client", "{DE143371-0C7D-D14B-0603-1AFA86C4DF65}"
EndProject
Project("{2150E333-8FDC-42A3-9474-1A3956D46DE8}") = "GoldBazar.Components", "GoldBazar.Components", "{51EDB56E-96AE-B5F2-B6C3-B951D0E6E2D2}"
EndProject
Project("{FAE04EC0-301F-11D3-BF4B-00C04F79EFBC}") = "GoldBazar.Shared.Components", "src\Client\GoldBazar.Shared.Components\GoldBazar.Shared.Components.csproj", "{F9EAFCF4-6AC6-46AD-9BA2-424707E9E5F8}"
EndProject
Project("{FAE04EC0-301F-11D3-BF4B-00C04F79EFBC}") = "GoldBazar.Admin.Web", "src\Client\GoldBazar.Admin.Web\GoldBazar.Admin.Web.csproj", "{87017E78-0378-4A05-96AF-A1A437E01F3F}"
EndProject
Project("{FAE04EC0-301F-11D3-BF4B-00C04F79EFBC}") = "GoldBazar.Client.Web", "src\Client\GoldBazar.Client.Web\GoldBazar.Client.Web.csproj", "{2F5ECAC8-5960-4324-9430-EA1F582F2CD7}"
EndProject
Project("{FAE04EC0-301F-11D3-BF4B-00C04F79EFBC}") = "GoldBazar.Client.Maui", "src\Client\GoldBazar.Client.Maui\GoldBazar.Client.Maui.csproj", "{E16B6BC7-22D1-4B73-B28C-8537A9AC31D1}"
EndProject
Global
	GlobalSection(SolutionConfigurationPlatforms) = preSolution
		Debug|Any CPU = Debug|Any CPU
		Debug|x64 = Debug|x64
		Debug|x86 = Debug|x86
		Release|Any CPU = Release|Any CPU
		Release|x64 = Release|x64
		Release|x86 = Release|x86
	EndGlobalSection
	GlobalSection(ProjectConfigurationPlatforms) = postSolution
		{D2D523CF-958E-4009-A2A7-F8631680A597}.Debug|Any CPU.ActiveCfg = Debug|Any CPU
		{D2D523CF-958E-4009-A2A7-F8631680A597}.Debug|Any CPU.Build.0 = Debug|Any CPU
		{D2D523CF-958E-4009-A2A7-F8631680A597}.Debug|x64.ActiveCfg = Debug|Any CPU
		{D2D523CF-958E-4009-A2A7-F8631680A597}.Debug|x64.Build.0 = Debug|Any CPU
		{D2D523CF-958E-4009-A2A7-F8631680A597}.Debug|x86.ActiveCfg = Debug|Any CPU
		{D2D523CF-958E-4009-A2A7-F8631680A597}.Debug|x86.Build.0 = Debug|Any CPU
		{D2D523CF-958E-4009-A2A7-F8631680A597}.Release|Any CPU.ActiveCfg = Release|Any CPU
		{D2D523CF-958E-4009-A2A7-F8631680A597}.Release|Any CPU.Build.0 = Release|Any CPU
		{D2D523CF-958E-4009-A2A7-F8631680A597}.Release|x64.ActiveCfg = Release|Any CPU
		{D2D523CF-958E-4009-A2A7-F8631680A597}.Release|x64.Build.0 = Release|Any CPU
		{D2D523CF-958E-4009-A2A7-F8631680A597}.Release|x86.ActiveCfg = Release|Any CPU
		{D2D523CF-958E-4009-A2A7-F8631680A597}.Release|x86.Build.0 = Release|Any CPU
		{CFA30349-6AF5-4A39-9068-EAA8059658AE}.Debug|Any CPU.ActiveCfg = Debug|Any CPU
		{CFA30349-6AF5-4A39-9068-EAA8059658AE}.Debug|Any CPU.Build.0 = Debug|Any CPU
		{CFA30349-6AF5-4A39-9068-EAA8059658AE}.Debug|x64.ActiveCfg = Debug|Any CPU
		{CFA30349-6AF5-4A39-9068-EAA8059658AE}.Debug|x64.Build.0 = Debug|Any CPU
		{CFA30349-6AF5-4A39-9068-EAA8059658AE}.Debug|x86.ActiveCfg = Debug|Any CPU
		{CFA30349-6AF5-4A39-9068-EAA8059658AE}.Debug|x86.Build.0 = Debug|Any CPU
		{CFA30349-6AF5-4A39-9068-EAA8059658AE}.Release|Any CPU.ActiveCfg = Release|Any CPU
		{CFA30349-6AF5-4A39-9068-EAA8059658AE}.Release|Any CPU.Build.0 = Release|Any CPU
		{CFA30349-6AF5-4A39-9068-EAA8059658AE}.Release|x64.ActiveCfg = Release|Any CPU
		{CFA30349-6AF5-4A39-9068-EAA8059658AE}.Release|x64.Build.0 = Release|Any CPU
		{CFA30349-6AF5-4A39-9068-EAA8059658AE}.Release|x86.ActiveCfg = Release|Any CPU
		{CFA30349-6AF5-4A39-9068-EAA8059658AE}.Release|x86.Build.0 = Release|Any CPU
		{69F510B6-9EE2-4969-9A48-80EDBD64D57F}.Debug|Any CPU.ActiveCfg = Debug|Any CPU
		{69F510B6-9EE2-4969-9A48-80EDBD64D57F}.Debug|Any CPU.Build.0 = Debug|Any CPU
		{69F510B6-9EE2-4969-9A48-80EDBD64D57F}.Debug|x64.ActiveCfg = Debug|Any CPU
		{69F510B6-9EE2-4969-9A48-80EDBD64D57F}.Debug|x64.Build.0 = Debug|Any CPU
		{69F510B6-9EE2-4969-9A48-80EDBD64D57F}.Debug|x86.ActiveCfg = Debug|Any CPU
		{69F510B6-9EE2-4969-9A48-80EDBD64D57F}.Debug|x86.Build.0 = Debug|Any CPU
		{69F510B6-9EE2-4969-9A48-80EDBD64D57F}.Release|Any CPU.ActiveCfg = Release|Any CPU
		{69F510B6-9EE2-4969-9A48-80EDBD64D57F}.Release|Any CPU.Build.0 = Release|Any CPU
		{69F510B6-9EE2-4969-9A48-80EDBD64D57F}.Release|x64.ActiveCfg = Release|Any CPU
		{69F510B6-9EE2-4969-9A48-80EDBD64D57F}.Release|x64.Build.0 = Release|Any CPU
		{69F510B6-9EE2-4969-9A48-80EDBD64D57F}.Release|x86.ActiveCfg = Release|Any CPU
		{69F510B6-9EE2-4969-9A48-80EDBD64D57F}.Release|x86.Build.0 = Release|Any CPU
		{3A64E86E-3605-431B-B088-2C5CDDA1B23A}.Debug|Any CPU.ActiveCfg = Debug|Any CPU
		{3A64E86E-3605-431B-B088-2C5CDDA1B23A}.Debug|Any CPU.Build.0 = Debug|Any CPU
		{3A64E86E-3605-431B-B088-2C5CDDA1B23A}.Debug|x64.ActiveCfg = Debug|Any CPU
		{3A64E86E-3605-431B-B088-2C5CDDA1B23A}.Debug|x64.Build.0 = Debug|Any CPU
		{3A64E86E-3605-431B-B088-2C5CDDA1B23A}.Debug|x86.ActiveCfg = Debug|Any CPU
		{3A64E86E-3605-431B-B088-2C5CDDA1B23A}.Debug|x86.Build.0 = Debug|Any CPU
		{3A64E86E-3605-431B-B088-2C5CDDA1B23A}.Release|Any CPU.ActiveCfg = Release|Any CPU
		{3A64E86E-3605-431B-B088-2C5CDDA1B23A}.Release|Any CPU.Build.0 = Release|Any CPU
		{3A64E86E-3605-431B-B088-2C5CDDA1B23A}.Release|x64.ActiveCfg = Release|Any CPU
		{3A64E86E-3605-431B-B088-2C5CDDA1B23A}.Release|x64.Build.0 = Release|Any CPU
		{3A64E86E-3605-431B-B088-2C5CDDA1B23A}.Release|x86.ActiveCfg = Release|Any CPU
		{3A64E86E-3605-431B-B088-2C5CDDA1B23A}.Release|x86.Build.0 = Release|Any CPU
		{78D3B260-2009-4998-82F1-4E108B179459}.Debug|Any CPU.ActiveCfg = Debug|Any CPU
		{78D3B260-2009-4998-82F1-4E108B179459}.Debug|Any CPU.Build.0 = Debug|Any CPU
		{78D3B260-2009-4998-82F1-4E108B179459}.Debug|x64.ActiveCfg = Debug|Any CPU
		{78D3B260-2009-4998-82F1-4E108B179459}.Debug|x64.Build.0 = Debug|Any CPU
		{78D3B260-2009-4998-82F1-4E108B179459}.Debug|x86.ActiveCfg = Debug|Any CPU
		{78D3B260-2009-4998-82F1-4E108B179459}.Debug|x86.Build.0 = Debug|Any CPU
		{78D3B260-2009-4998-82F1-4E108B179459}.Release|Any CPU.ActiveCfg = Release|Any CPU
		{78D3B260-2009-4998-82F1-4E108B179459}.Release|Any CPU.Build.0 = Release|Any CPU
		{78D3B260-2009-4998-82F1-4E108B179459}.Release|x64.ActiveCfg = Release|Any CPU
		{78D3B260-2009-4998-82F1-4E108B179459}.Release|x64.Build.0 = Release|Any CPU
		{78D3B260-2009-4998-82F1-4E108B179459}.Release|x86.ActiveCfg = Release|Any CPU
		{78D3B260-2009-4998-82F1-4E108B179459}.Release|x86.Build.0 = Release|Any CPU
		{0B35F731-6215-48A3-9517-DB7864C893D1}.Debug|Any CPU.ActiveCfg = Debug|Any CPU
		{0B35F731-6215-48A3-9517-DB7864C893D1}.Debug|Any CPU.Build.0 = Debug|Any CPU
		{0B35F731-6215-48A3-9517-DB7864C893D1}.Debug|x64.ActiveCfg = Debug|Any CPU
		{0B35F731-6215-48A3-9517-DB7864C893D1}.Debug|x64.Build.0 = Debug|Any CPU
		{0B35F731-6215-48A3-9517-DB7864C893D1}.Debug|x86.ActiveCfg = Debug|Any CPU
		{0B35F731-6215-48A3-9517-DB7864C893D1}.Debug|x86.Build.0 = Debug|Any CPU
		{0B35F731-6215-48A3-9517-DB7864C893D1}.Release|Any CPU.ActiveCfg = Release|Any CPU
		{0B35F731-6215-48A3-9517-DB7864C893D1}.Release|Any CPU.Build.0 = Release|Any CPU
		{0B35F731-6215-48A3-9517-DB7864C893D1}.Release|x64.ActiveCfg = Release|Any CPU
		{0B35F731-6215-48A3-9517-DB7864C893D1}.Release|x64.Build.0 = Release|Any CPU
		{0B35F731-6215-48A3-9517-DB7864C893D1}.Release|x86.ActiveCfg = Release|Any CPU
		{0B35F731-6215-48A3-9517-DB7864C893D1}.Release|x86.Build.0 = Release|Any CPU
		{58D10557-B5C7-4439-9EC9-A31A0D2340A8}.Debug|Any CPU.ActiveCfg = Debug|Any CPU
		{58D10557-B5C7-4439-9EC9-A31A0D2340A8}.Debug|Any CPU.Build.0 = Debug|Any CPU
		{58D10557-B5C7-4439-9EC9-A31A0D2340A8}.Debug|x64.ActiveCfg = Debug|Any CPU
		{58D10557-B5C7-4439-9EC9-A31A0D2340A8}.Debug|x64.Build.0 = Debug|Any CPU
		{58D10557-B5C7-4439-9EC9-A31A0D2340A8}.Debug|x86.ActiveCfg = Debug|Any CPU
		{58D10557-B5C7-4439-9EC9-A31A0D2340A8}.Debug|x86.Build.0 = Debug|Any CPU
		{58D10557-B5C7-4439-9EC9-A31A0D2340A8}.Release|Any CPU.ActiveCfg = Release|Any CPU
		{58D10557-B5C7-4439-9EC9-A31A0D2340A8}.Release|Any CPU.Build.0 = Release|Any CPU
		{58D10557-B5C7-4439-9EC9-A31A0D2340A8}.Release|x64.ActiveCfg = Release|Any CPU
		{58D10557-B5C7-4439-9EC9-A31A0D2340A8}.Release|x64.Build.0 = Release|Any CPU
		{58D10557-B5C7-4439-9EC9-A31A0D2340A8}.Release|x86.ActiveCfg = Release|Any CPU
		{58D10557-B5C7-4439-9EC9-A31A0D2340A8}.Release|x86.Build.0 = Release|Any CPU
		{5A830623-98AC-49AC-B922-172C661023CE}.Debug|Any CPU.ActiveCfg = Debug|Any CPU
		{5A830623-98AC-49AC-B922-172C661023CE}.Debug|Any CPU.Build.0 = Debug|Any CPU
		{5A830623-98AC-49AC-B922-172C661023CE}.Debug|x64.ActiveCfg = Debug|Any CPU
		{5A830623-98AC-49AC-B922-172C661023CE}.Debug|x64.Build.0 = Debug|Any CPU
		{5A830623-98AC-49AC-B922-172C661023CE}.Debug|x86.ActiveCfg = Debug|Any CPU
		{5A830623-98AC-49AC-B922-172C661023CE}.Debug|x86.Build.0 = Debug|Any CPU
		{5A830623-98AC-49AC-B922-172C661023CE}.Release|Any CPU.ActiveCfg = Release|Any CPU
		{5A830623-98AC-49AC-B922-172C661023CE}.Release|Any CPU.Build.0 = Release|Any CPU
		{5A830623-98AC-49AC-B922-172C661023CE}.Release|x64.ActiveCfg = Release|Any CPU
		{5A830623-98AC-49AC-B922-172C661023CE}.Release|x64.Build.0 = Release|Any CPU
		{5A830623-98AC-49AC-B922-172C661023CE}.Release|x86.ActiveCfg = Release|Any CPU
		{5A830623-98AC-49AC-B922-172C661023CE}.Release|x86.Build.0 = Release|Any CPU
		{07082442-A540-4D82-9718-3AC9ADFC895D}.Debug|Any CPU.ActiveCfg = Debug|Any CPU
		{07082442-A540-4D82-9718-3AC9ADFC895D}.Debug|Any CPU.Build.0 = Debug|Any CPU
		{07082442-A540-4D82-9718-3AC9ADFC895D}.Debug|x64.ActiveCfg = Debug|Any CPU
		{07082442-A540-4D82-9718-3AC9ADFC895D}.Debug|x64.Build.0 = Debug|Any CPU
		{07082442-A540-4D82-9718-3AC9ADFC895D}.Debug|x86.ActiveCfg = Debug|Any CPU
		{07082442-A540-4D82-9718-3AC9ADFC895D}.Debug|x86.Build.0 = Debug|Any CPU
		{07082442-A540-4D82-9718-3AC9ADFC895D}.Release|Any CPU.ActiveCfg = Release|Any CPU
		{07082442-A540-4D82-9718-3AC9ADFC895D}.Release|Any CPU.Build.0 = Release|Any CPU
		{07082442-A540-4D82-9718-3AC9ADFC895D}.Release|x64.ActiveCfg = Release|Any CPU
		{07082442-A540-4D82-9718-3AC9ADFC895D}.Release|x64.Build.0 = Release|Any CPU
		{07082442-A540-4D82-9718-3AC9ADFC895D}.Release|x86.ActiveCfg = Release|Any CPU
		{07082442-A540-4D82-9718-3AC9ADFC895D}.Release|x86.Build.0 = Release|Any CPU
		{453FFB04-2D5D-41A3-9725-893370C769D9}.Debug|Any CPU.ActiveCfg = Debug|Any CPU
		{453FFB04-2D5D-41A3-9725-893370C769D9}.Debug|Any CPU.Build.0 = Debug|Any CPU
		{453FFB04-2D5D-41A3-9725-893370C769D9}.Debug|x64.ActiveCfg = Debug|Any CPU
		{453FFB04-2D5D-41A3-9725-893370C769D9}.Debug|x64.Build.0 = Debug|Any CPU
		{453FFB04-2D5D-41A3-9725-893370C769D9}.Debug|x86.ActiveCfg = Debug|Any CPU
		{453FFB04-2D5D-41A3-9725-893370C769D9}.Debug|x86.Build.0 = Debug|Any CPU
		{453FFB04-2D5D-41A3-9725-893370C769D9}.Release|Any CPU.ActiveCfg = Release|Any CPU
		{453FFB04-2D5D-41A3-9725-893370C769D9}.Release|Any CPU.Build.0 = Release|Any CPU
		{453FFB04-2D5D-41A3-9725-893370C769D9}.Release|x64.ActiveCfg = Release|Any CPU
		{453FFB04-2D5D-41A3-9725-893370C769D9}.Release|x64.Build.0 = Release|Any CPU
		{453FFB04-2D5D-41A3-9725-893370C769D9}.Release|x86.ActiveCfg = Release|Any CPU
		{453FFB04-2D5D-41A3-9725-893370C769D9}.Release|x86.Build.0 = Release|Any CPU
		{9AE028E4-F9B8-4CEB-8773-54F8C4B2CE18}.Debug|Any CPU.ActiveCfg = Debug|Any CPU
		{9AE028E4-F9B8-4CEB-8773-54F8C4B2CE18}.Debug|Any CPU.Build.0 = Debug|Any CPU
		{9AE028E4-F9B8-4CEB-8773-54F8C4B2CE18}.Debug|x64.ActiveCfg = Debug|Any CPU
		{9AE028E4-F9B8-4CEB-8773-54F8C4B2CE18}.Debug|x64.Build.0 = Debug|Any CPU
		{9AE028E4-F9B8-4CEB-8773-54F8C4B2CE18}.Debug|x86.ActiveCfg = Debug|Any CPU
		{9AE028E4-F9B8-4CEB-8773-54F8C4B2CE18}.Debug|x86.Build.0 = Debug|Any CPU
		{9AE028E4-F9B8-4CEB-8773-54F8C4B2CE18}.Release|Any CPU.ActiveCfg = Release|Any CPU
		{9AE028E4-F9B8-4CEB-8773-54F8C4B2CE18}.Release|Any CPU.Build.0 = Release|Any CPU
		{9AE028E4-F9B8-4CEB-8773-54F8C4B2CE18}.Release|x64.ActiveCfg = Release|Any CPU
		{9AE028E4-F9B8-4CEB-8773-54F8C4B2CE18}.Release|x64.Build.0 = Release|Any CPU
		{9AE028E4-F9B8-4CEB-8773-54F8C4B2CE18}.Release|x86.ActiveCfg = Release|Any CPU
		{9AE028E4-F9B8-4CEB-8773-54F8C4B2CE18}.Release|x86.Build.0 = Release|Any CPU
		{B99C3AA8-E146-4266-941A-C2E9DDD9DDCE}.Debug|Any CPU.ActiveCfg = Debug|Any CPU
		{B99C3AA8-E146-4266-941A-C2E9DDD9DDCE}.Debug|Any CPU.Build.0 = Debug|Any CPU
		{B99C3AA8-E146-4266-941A-C2E9DDD9DDCE}.Debug|x64.ActiveCfg = Debug|Any CPU
		{B99C3AA8-E146-4266-941A-C2E9DDD9DDCE}.Debug|x64.Build.0 = Debug|Any CPU
		{B99C3AA8-E146-4266-941A-C2E9DDD9DDCE}.Debug|x86.ActiveCfg = Debug|Any CPU
		{B99C3AA8-E146-4266-941A-C2E9DDD9DDCE}.Debug|x86.Build.0 = Debug|Any CPU
		{B99C3AA8-E146-4266-941A-C2E9DDD9DDCE}.Release|Any CPU.ActiveCfg = Release|Any CPU
		{B99C3AA8-E146-4266-941A-C2E9DDD9DDCE}.Release|Any CPU.Build.0 = Release|Any CPU
		{B99C3AA8-E146-4266-941A-C2E9DDD9DDCE}.Release|x64.ActiveCfg = Release|Any CPU
		{B99C3AA8-E146-4266-941A-C2E9DDD9DDCE}.Release|x64.Build.0 = Release|Any CPU
		{B99C3AA8-E146-4266-941A-C2E9DDD9DDCE}.Release|x86.ActiveCfg = Release|Any CPU
		{B99C3AA8-E146-4266-941A-C2E9DDD9DDCE}.Release|x86.Build.0 = Release|Any CPU
		{71769070-AFE7-4648-9CDA-5E49651E27DA}.Debug|Any CPU.ActiveCfg = Debug|Any CPU
		{71769070-AFE7-4648-9CDA-5E49651E27DA}.Debug|Any CPU.Build.0 = Debug|Any CPU
		{71769070-AFE7-4648-9CDA-5E49651E27DA}.Debug|x64.ActiveCfg = Debug|Any CPU
		{71769070-AFE7-4648-9CDA-5E49651E27DA}.Debug|x64.Build.0 = Debug|Any CPU
		{71769070-AFE7-4648-9CDA-5E49651E27DA}.Debug|x86.ActiveCfg = Debug|Any CPU
		{71769070-AFE7-4648-9CDA-5E49651E27DA}.Debug|x86.Build.0 = Debug|Any CPU
		{71769070-AFE7-4648-9CDA-5E49651E27DA}.Release|Any CPU.ActiveCfg = Release|Any CPU
		{71769070-AFE7-4648-9CDA-5E49651E27DA}.Release|Any CPU.Build.0 = Release|Any CPU
		{71769070-AFE7-4648-9CDA-5E49651E27DA}.Release|x64.ActiveCfg = Release|Any CPU
		{71769070-AFE7-4648-9CDA-5E49651E27DA}.Release|x64.Build.0 = Release|Any CPU
		{71769070-AFE7-4648-9CDA-5E49651E27DA}.Release|x86.ActiveCfg = Release|Any CPU
		{71769070-AFE7-4648-9CDA-5E49651E27DA}.Release|x86.Build.0 = Release|Any CPU
		{8A0F3666-9F78-467C-A61E-10F0D2FD17D4}.Debug|Any CPU.ActiveCfg = Debug|Any CPU
		{8A0F3666-9F78-467C-A61E-10F0D2FD17D4}.Debug|Any CPU.Build.0 = Debug|Any CPU
		{8A0F3666-9F78-467C-A61E-10F0D2FD17D4}.Debug|x64.ActiveCfg = Debug|Any CPU
		{8A0F3666-9F78-467C-A61E-10F0D2FD17D4}.Debug|x64.Build.0 = Debug|Any CPU
		{8A0F3666-9F78-467C-A61E-10F0D2FD17D4}.Debug|x86.ActiveCfg = Debug|Any CPU
		{8A0F3666-9F78-467C-A61E-10F0D2FD17D4}.Debug|x86.Build.0 = Debug|Any CPU
		{8A0F3666-9F78-467C-A61E-10F0D2FD17D4}.Release|Any CPU.ActiveCfg = Release|Any CPU
		{8A0F3666-9F78-467C-A61E-10F0D2FD17D4}.Release|Any CPU.Build.0 = Release|Any CPU
		{8A0F3666-9F78-467C-A61E-10F0D2FD17D4}.Release|x64.ActiveCfg = Release|Any CPU
		{8A0F3666-9F78-467C-A61E-10F0D2FD17D4}.Release|x64.Build.0 = Release|Any CPU
		{8A0F3666-9F78-467C-A61E-10F0D2FD17D4}.Release|x86.ActiveCfg = Release|Any CPU
		{8A0F3666-9F78-467C-A61E-10F0D2FD17D4}.Release|x86.Build.0 = Release|Any CPU
		{931A58A8-2D11-415A-A738-16A3FC05E15E}.Debug|Any CPU.ActiveCfg = Debug|Any CPU
		{931A58A8-2D11-415A-A738-16A3FC05E15E}.Debug|Any CPU.Build.0 = Debug|Any CPU
		{931A58A8-2D11-415A-A738-16A3FC05E15E}.Debug|x64.ActiveCfg = Debug|Any CPU
		{931A58A8-2D11-415A-A738-16A3FC05E15E}.Debug|x64.Build.0 = Debug|Any CPU
		{931A58A8-2D11-415A-A738-16A3FC05E15E}.Debug|x86.ActiveCfg = Debug|Any CPU
		{931A58A8-2D11-415A-A738-16A3FC05E15E}.Debug|x86.Build.0 = Debug|Any CPU
		{931A58A8-2D11-415A-A738-16A3FC05E15E}.Release|Any CPU.ActiveCfg = Release|Any CPU
		{931A58A8-2D11-415A-A738-16A3FC05E15E}.Release|Any CPU.Build.0 = Release|Any CPU
		{931A58A8-2D11-415A-A738-16A3FC05E15E}.Release|x64.ActiveCfg = Release|Any CPU
		{931A58A8-2D11-415A-A738-16A3FC05E15E}.Release|x64.Build.0 = Release|Any CPU
		{931A58A8-2D11-415A-A738-16A3FC05E15E}.Release|x86.ActiveCfg = Release|Any CPU
		{931A58A8-2D11-415A-A738-16A3FC05E15E}.Release|x86.Build.0 = Release|Any CPU
		{EF7203D2-2083-4220-BFE8-8730A61AADC9}.Debug|Any CPU.ActiveCfg = Debug|Any CPU
		{EF7203D2-2083-4220-BFE8-8730A61AADC9}.Debug|Any CPU.Build.0 = Debug|Any CPU
		{EF7203D2-2083-4220-BFE8-8730A61AADC9}.Debug|x64.ActiveCfg = Debug|Any CPU
		{EF7203D2-2083-4220-BFE8-8730A61AADC9}.Debug|x64.Build.0 = Debug|Any CPU
		{EF7203D2-2083-4220-BFE8-8730A61AADC9}.Debug|x86.ActiveCfg = Debug|Any CPU
		{EF7203D2-2083-4220-BFE8-8730A61AADC9}.Debug|x86.Build.0 = Debug|Any CPU
		{EF7203D2-2083-4220-BFE8-8730A61AADC9}.Release|Any CPU.ActiveCfg = Release|Any CPU
		{EF7203D2-2083-4220-BFE8-8730A61AADC9}.Release|Any CPU.Build.0 = Release|Any CPU
		{EF7203D2-2083-4220-BFE8-8730A61AADC9}.Release|x64.ActiveCfg = Release|Any CPU
		{EF7203D2-2083-4220-BFE8-8730A61AADC9}.Release|x64.Build.0 = Release|Any CPU
		{EF7203D2-2083-4220-BFE8-8730A61AADC9}.Release|x86.ActiveCfg = Release|Any CPU
		{EF7203D2-2083-4220-BFE8-8730A61AADC9}.Release|x86.Build.0 = Release|Any CPU
		{F9EAFCF4-6AC6-46AD-9BA2-424707E9E5F8}.Debug|Any CPU.ActiveCfg = Debug|Any CPU
		{F9EAFCF4-6AC6-46AD-9BA2-424707E9E5F8}.Debug|Any CPU.Build.0 = Debug|Any CPU
		{F9EAFCF4-6AC6-46AD-9BA2-424707E9E5F8}.Debug|x64.ActiveCfg = Debug|Any CPU
		{F9EAFCF4-6AC6-46AD-9BA2-424707E9E5F8}.Debug|x64.Build.0 = Debug|Any CPU
		{F9EAFCF4-6AC6-46AD-9BA2-424707E9E5F8}.Debug|x86.ActiveCfg = Debug|Any CPU
		{F9EAFCF4-6AC6-46AD-9BA2-424707E9E5F8}.Debug|x86.Build.0 = Debug|Any CPU
		{F9EAFCF4-6AC6-46AD-9BA2-424707E9E5F8}.Release|Any CPU.ActiveCfg = Release|Any CPU
		{F9EAFCF4-6AC6-46AD-9BA2-424707E9E5F8}.Release|Any CPU.Build.0 = Release|Any CPU
		{F9EAFCF4-6AC6-46AD-9BA2-424707E9E5F8}.Release|x64.ActiveCfg = Release|Any CPU
		{F9EAFCF4-6AC6-46AD-9BA2-424707E9E5F8}.Release|x64.Build.0 = Release|Any CPU
		{F9EAFCF4-6AC6-46AD-9BA2-424707E9E5F8}.Release|x86.ActiveCfg = Release|Any CPU
		{F9EAFCF4-6AC6-46AD-9BA2-424707E9E5F8}.Release|x86.Build.0 = Release|Any CPU
		{87017E78-0378-4A05-96AF-A1A437E01F3F}.Debug|Any CPU.ActiveCfg = Debug|Any CPU
		{87017E78-0378-4A05-96AF-A1A437E01F3F}.Debug|Any CPU.Build.0 = Debug|Any CPU
		{87017E78-0378-4A05-96AF-A1A437E01F3F}.Debug|x64.ActiveCfg = Debug|Any CPU
		{87017E78-0378-4A05-96AF-A1A437E01F3F}.Debug|x64.Build.0 = Debug|Any CPU
		{87017E78-0378-4A05-96AF-A1A437E01F3F}.Debug|x86.ActiveCfg = Debug|Any CPU
		{87017E78-0378-4A05-96AF-A1A437E01F3F}.Debug|x86.Build.0 = Debug|Any CPU
		{87017E78-0378-4A05-96AF-A1A437E01F3F}.Release|Any CPU.ActiveCfg = Release|Any CPU
		{87017E78-0378-4A05-96AF-A1A437E01F3F}.Release|Any CPU.Build.0 = Release|Any CPU
		{87017E78-0378-4A05-96AF-A1A437E01F3F}.Release|x64.ActiveCfg = Release|Any CPU
		{87017E78-0378-4A05-96AF-A1A437E01F3F}.Release|x64.Build.0 = Release|Any CPU
		{87017E78-0378-4A05-96AF-A1A437E01F3F}.Release|x86.ActiveCfg = Release|Any CPU
		{87017E78-0378-4A05-96AF-A1A437E01F3F}.Release|x86.Build.0 = Release|Any CPU
		{2F5ECAC8-5960-4324-9430-EA1F582F2CD7}.Debug|Any CPU.ActiveCfg = Debug|Any CPU
		{2F5ECAC8-5960-4324-9430-EA1F582F2CD7}.Debug|Any CPU.Build.0 = Debug|Any CPU
		{2F5ECAC8-5960-4324-9430-EA1F582F2CD7}.Debug|x64.ActiveCfg = Debug|Any CPU
		{2F5ECAC8-5960-4324-9430-EA1F582F2CD7}.Debug|x64.Build.0 = Debug|Any CPU
		{2F5ECAC8-5960-4324-9430-EA1F582F2CD7}.Debug|x86.ActiveCfg = Debug|Any CPU
		{2F5ECAC8-5960-4324-9430-EA1F582F2CD7}.Debug|x86.Build.0 = Debug|Any CPU
		{2F5ECAC8-5960-4324-9430-EA1F582F2CD7}.Release|Any CPU.ActiveCfg = Release|Any CPU
		{2F5ECAC8-5960-4324-9430-EA1F582F2CD7}.Release|Any CPU.Build.0 = Release|Any CPU
		{2F5ECAC8-5960-4324-9430-EA1F582F2CD7}.Release|x64.ActiveCfg = Release|Any CPU
		{2F5ECAC8-5960-4324-9430-EA1F582F2CD7}.Release|x64.Build.0 = Release|Any CPU
		{2F5ECAC8-5960-4324-9430-EA1F582F2CD7}.Release|x86.ActiveCfg = Release|Any CPU
		{2F5ECAC8-5960-4324-9430-EA1F582F2CD7}.Release|x86.Build.0 = Release|Any CPU
		{E16B6BC7-22D1-4B73-B28C-8537A9AC31D1}.Debug|Any CPU.ActiveCfg = Debug|Any CPU
		{E16B6BC7-22D1-4B73-B28C-8537A9AC31D1}.Debug|Any CPU.Build.0 = Debug|Any CPU
		{E16B6BC7-22D1-4B73-B28C-8537A9AC31D1}.Debug|x64.ActiveCfg = Debug|Any CPU
		{E16B6BC7-22D1-4B73-B28C-8537A9AC31D1}.Debug|x64.Build.0 = Debug|Any CPU
		{E16B6BC7-22D1-4B73-B28C-8537A9AC31D1}.Debug|x86.ActiveCfg = Debug|Any CPU
		{E16B6BC7-22D1-4B73-B28C-8537A9AC31D1}.Debug|x86.Build.0 = Debug|Any CPU
		{E16B6BC7-22D1-4B73-B28C-8537A9AC31D1}.Release|Any CPU.ActiveCfg = Release|Any CPU
		{E16B6BC7-22D1-4B73-B28C-8537A9AC31D1}.Release|Any CPU.Build.0 = Release|Any CPU
		{E16B6BC7-22D1-4B73-B28C-8537A9AC31D1}.Release|x64.ActiveCfg = Release|Any CPU
		{E16B6BC7-22D1-4B73-B28C-8537A9AC31D1}.Release|x64.Build.0 = Release|Any CPU
		{E16B6BC7-22D1-4B73-B28C-8537A9AC31D1}.Release|x86.ActiveCfg = Release|Any CPU
		{E16B6BC7-22D1-4B73-B28C-8537A9AC31D1}.Release|x86.Build.0 = Release|Any CPU
	EndGlobalSection
	GlobalSection(SolutionProperties) = preSolution
		HideSolutionNode = FALSE
	EndGlobalSection
	GlobalSection(NestedProjects) = preSolution
		{A8943DDE-A5CD-426D-8309-D1BA41107C46} = {1ED3EADF-CCE8-4B83-B137-B6185009DB25}
		{78D03C29-F103-495F-8167-6E8B20CB408B} = {1ED3EADF-CCE8-4B83-B137-B6185009DB25}
		{796B7261-DEEB-4790-A77F-BEB24335123B} = {1ED3EADF-CCE8-4B83-B137-B6185009DB25}
		{D2D523CF-958E-4009-A2A7-F8631680A597} = {1861559E-3354-484E-8A8D-85E405EA1E5A}
		{CFA30349-6AF5-4A39-9068-EAA8059658AE} = {1ED3EADF-CCE8-4B83-B137-B6185009DB25}
		{69F510B6-9EE2-4969-9A48-80EDBD64D57F} = {1ED3EADF-CCE8-4B83-B137-B6185009DB25}
		{3A64E86E-3605-431B-B088-2C5CDDA1B23A} = {796B7261-DEEB-4790-A77F-BEB24335123B}
		{907B5B03-23B7-4E34-B3D5-54705AA946D3} = {1ED3EADF-CCE8-4B83-B137-B6185009DB25}
		{78D3B260-2009-4998-82F1-4E108B179459} = {907B5B03-23B7-4E34-B3D5-54705AA946D3}
		{0B35F731-6215-48A3-9517-DB7864C893D1} = {907B5B03-23B7-4E34-B3D5-54705AA946D3}
		{58D10557-B5C7-4439-9EC9-A31A0D2340A8} = {78D03C29-F103-495F-8167-6E8B20CB408B}
		{1861559E-3354-484E-8A8D-85E405EA1E5A} = {796B7261-DEEB-4790-A77F-BEB24335123B}
		{5A830623-98AC-49AC-B922-172C661023CE} = {907B5B03-23B7-4E34-B3D5-54705AA946D3}
		{D0045A11-F5E8-4D5B-8AF0-5033F37BCA74} = {796B7261-DEEB-4790-A77F-BEB24335123B}
		{07082442-A540-4D82-9718-3AC9ADFC895D} = {D0045A11-F5E8-4D5B-8AF0-5033F37BCA74}
		{5D6D79AB-B0E0-408C-B5DA-96F7230E6BED} = {1ED3EADF-CCE8-4B83-B137-B6185009DB25}
		{453FFB04-2D5D-41A3-9725-893370C769D9} = {1861559E-3354-484E-8A8D-85E405EA1E5A}
		{6A9FC3E1-14FA-0130-C36D-BACFD1D394D4} = {796B7261-DEEB-4790-A77F-BEB24335123B}
		{291CAACC-6D59-0CF0-6E31-319269975F16} = {796B7261-DEEB-4790-A77F-BEB24335123B}
		{9AE028E4-F9B8-4CEB-8773-54F8C4B2CE18} = {291CAACC-6D59-0CF0-6E31-319269975F16}
		{B99C3AA8-E146-4266-941A-C2E9DDD9DDCE} = {6A9FC3E1-14FA-0130-C36D-BACFD1D394D4}
		{71769070-AFE7-4648-9CDA-5E49651E27DA} = {6A9FC3E1-14FA-0130-C36D-BACFD1D394D4}
		{8A0F3666-9F78-467C-A61E-10F0D2FD17D4} = {6A9FC3E1-14FA-0130-C36D-BACFD1D394D4}
		{931A58A8-2D11-415A-A738-16A3FC05E15E} = {6A9FC3E1-14FA-0130-C36D-BACFD1D394D4}
		{DA74A9C1-B4F9-D02C-6688-998E5CCFA16A} = {A8943DDE-A5CD-426D-8309-D1BA41107C46}
		{EF7203D2-2083-4220-BFE8-8730A61AADC9} = {DA74A9C1-B4F9-D02C-6688-998E5CCFA16A}
		{9BF5AA24-BAA4-6809-8218-D5AAC5D8768A} = {A8943DDE-A5CD-426D-8309-D1BA41107C46}
		{DE143371-0C7D-D14B-0603-1AFA86C4DF65} = {A8943DDE-A5CD-426D-8309-D1BA41107C46}
		{51EDB56E-96AE-B5F2-B6C3-B951D0E6E2D2} = {A8943DDE-A5CD-426D-8309-D1BA41107C46}
		{F9EAFCF4-6AC6-46AD-9BA2-424707E9E5F8} = {51EDB56E-96AE-B5F2-B6C3-B951D0E6E2D2}
		{87017E78-0378-4A05-96AF-A1A437E01F3F} = {9BF5AA24-BAA4-6809-8218-D5AAC5D8768A}
		{2F5ECAC8-5960-4324-9430-EA1F582F2CD7} = {DE143371-0C7D-D14B-0603-1AFA86C4DF65}
		{E16B6BC7-22D1-4B73-B28C-8537A9AC31D1} = {DE143371-0C7D-D14B-0603-1AFA86C4DF65}
	EndGlobalSection
	GlobalSection(ExtensibilityGlobals) = postSolution
		SolutionGuid = {ABE0603E-B362-4436-A355-99B76CF0DF1E}
	EndGlobalSection
EndGlobal
