Microsoft Visual Studio Solution File, Format Version 12.00
# Visual Studio Version 17
VisualStudioVersion = 17.5.2.0
MinimumVisualStudioVersion = 10.0.40219.1
Project("{FAE04EC0-301F-11D3-BF4B-00C04F79EFBC}") = "WebComponent", "WebComponent.csproj", "{4563A858-9BA7-7BC4-0866-720B760B5688}"
EndProject
Global
	GlobalSection(SolutionConfigurationPlatforms) = preSolution
		Debug|Any CPU = Debug|Any CPU
		Release|Any CPU = Release|Any CPU
	EndGlobalSection
	GlobalSection(ProjectConfigurationPlatforms) = postSolution
		{4563A858-9BA7-7BC4-0866-720B760B5688}.Debug|Any CPU.ActiveCfg = Debug|Any CPU
		{4563A858-9BA7-7BC4-0866-720B760B5688}.Debug|Any CPU.Build.0 = Debug|Any CPU
		{4563A858-9BA7-7BC4-0866-720B760B5688}.Release|Any CPU.ActiveCfg = Release|Any CPU
		{4563A858-9BA7-7BC4-0866-720B760B5688}.Release|Any CPU.Build.0 = Release|Any CPU
	EndGlobalSection
	GlobalSection(SolutionProperties) = preSolution
		HideSolutionNode = FALSE
	EndGlobalSection
	GlobalSection(ExtensibilityGlobals) = postSolution
		SolutionGuid = {0A6E6DA4-2C36-41C3-967D-F14638ACB32E}
	EndGlobalSection
EndGlobal
